{
  "name": "PHPProject",
  "lockfileVersion": 3,
  "requires": true,
  "packages": {
    "": {
      "dependencies": {
        "parsleyjs": "^2.3.10"
      }
    },
    "node_modules/jquery": {
      "version": "3.6.4",
      "resolved": "https://registry.npmjs.org/jquery/-/jquery-3.6.4.tgz",
      "integrity": "sha512-v28EW9DWDFpzcD9O5iyJXg3R3+q+mET5JhnjJzQUZMHOv67bpSIHq81GEYpPNZHG+XXHsfSme3nxp/hndKEcsQ=="
    },
    "node_modules/parsleyjs": {
      "version": "2.9.2",
      "resolved": "https://registry.npmjs.org/parsleyjs/-/parsleyjs-2.9.2.tgz",
      "integrity": "sha512-DKS2XXTjEUZ1BJWUzgXAr+550kFBZrom2WYweubqdV7WzdNC1hjOajZDfeBPoAZMkXumJPlB3v37IKatbiW8zQ==",
      "dependencies": {
        "jquery": ">=1.8.0"
      }
    }
  }
}
